// !$*UTF8*$!
{
	archiveVersion = 1;
	classes = {
	};
	objectVersion = 46;
	objects = {

/* Begin PBXBuildFile section */
		4647EBDA1B545CE40072D683 /* AppDelegate.swift in Sources */ = {isa = PBXBuildFile; fileRef = 4647EBD91B545CE40072D683 /* AppDelegate.swift */; };
		4647EBDC1B545CE40072D683 /* GameScene.sks in Resources */ = {isa = PBXBuildFile; fileRef = 4647EBDB1B545CE40072D683 /* GameScene.sks */; };
		4647EBDE1B545CE40072D683 /* GameScene.swift in Sources */ = {isa = PBXBuildFile; fileRef = 4647EBDD1B545CE40072D683 /* GameScene.swift */; };
		4647EBE01B545CE40072D683 /* GameViewController.swift in Sources */ = {isa = PBXBuildFile; fileRef = 4647EBDF1B545CE40072D683 /* GameViewController.swift */; };
		4647EBE31B545CE40072D683 /* Main.storyboard in Resources */ = {isa = PBXBuildFile; fileRef = 4647EBE11B545CE40072D683 /* Main.storyboard */; };
		4647EBE51B545CE40072D683 /* Images.xcassets in Resources */ = {isa = PBXBuildFile; fileRef = 4647EBE41B545CE40072D683 /* Images.xcassets */; };
		4647EBE81B545CE40072D683 /* LaunchScreen.xib in Resources */ = {isa = PBXBuildFile; fileRef = 4647EBE61B545CE40072D683 /* LaunchScreen.xib */; };
		4647EBF41B545CE40072D683 /* __swift_2_handleTests.swift in Sources */ = {isa = PBXBuildFile; fileRef = 4647EBF31B545CE40072D683 /* __swift_2_handleTests.swift */; };
/* End PBXBuildFile section */

/* Begin PBXContainerItemProxy section */
		4647EBEE1B545CE40072D683 /* PBXContainerItemProxy */ = {
			isa = PBXContainerItemProxy;
			containerPortal = 4647EBCC1B545CE40072D683 /* Project object */;
			proxyType = 1;
			remoteGlobalIDString = 4647EBD31B545CE40072D683;
			remoteInfo = 2_swift_2_handle;
		};
/* End PBXContainerItemProxy section */

/* Begin PBXFileReference section */
		4647EBD41B545CE40072D683 /* 2_swift_2_handle.app */ = {isa = PBXFileReference; explicitFileType = wrapper.application; includeInIndex = 0; path = 2_swift_2_handle.app; sourceTree = BUILT_PRODUCTS_DIR; };
		4647EBD81B545CE40072D683 /* Info.plist */ = {isa = PBXFileReference; lastKnownFileType = text.plist.xml; path = Info.plist; sourceTree = "<group>"; };
		4647EBD91B545CE40072D683 /* AppDelegate.swift */ = {isa = PBXFileReference; lastKnownFileType = sourcecode.swift; path = AppDelegate.swift; sourceTree = "<group>"; };
		4647EBDB1B545CE40072D683 /* GameScene.sks */ = {isa = PBXFileReference; lastKnownFileType = file.sks; path = GameScene.sks; sourceTree = "<group>"; };
		4647EBDD1B545CE40072D683 /* GameScene.swift */ = {isa = PBXFileReference; lastKnownFileType = sourcecode.swift; path = GameScene.swift; sourceTree = "<group>"; };
		4647EBDF1B545CE40072D683 /* GameViewController.swift */ = {isa = PBXFileReference; lastKnownFileType = sourcecode.swift; path = GameViewController.swift; sourceTree = "<group>"; };
		4647EBE21B545CE40072D683 /* Base */ = {isa = PBXFileReference; lastKnownFileType = file.storyboard; name = Base; path = Base.lproj/Main.storyboard; sourceTree = "<group>"; };
		4647EBE41B545CE40072D683 /* Images.xcassets */ = {isa = PBXFileReference; lastKnownFileType = folder.assetcatalog; path = Images.xcassets; sourceTree = "<group>"; };
		4647EBE71B545CE40072D683 /* Base */ = {isa = PBXFileReference; lastKnownFileType = file.xib; name = Base; path = Base.lproj/LaunchScreen.xib; sourceTree = "<group>"; };
		4647EBED1B545CE40072D683 /* 2_swift_2_handleTests.xctest */ = {isa = PBXFileReference; explicitFileType = wrapper.cfbundle; includeInIndex = 0; path = 2_swift_2_handleTests.xctest; sourceTree = BUILT_PRODUCTS_DIR; };
		4647EBF21B545CE40072D683 /* Info.plist */ = {isa = PBXFileReference; lastKnownFileType = text.plist.xml; path = Info.plist; sourceTree = "<group>"; };
		4647EBF31B545CE40072D683 /* __swift_2_handleTests.swift */ = {isa = PBXFileReference; lastKnownFileType = sourcecode.swift; path = __swift_2_handleTests.swift; sourceTree = "<group>"; };
/* End PBXFileReference section */

/* Begin PBXFrameworksBuildPhase section */
		4647EBD11B545CE40072D683 /* Frameworks */ = {
			isa = PBXFrameworksBuildPhase;
			buildActionMask = 2147483647;
			files = (
			);
			runOnlyForDeploymentPostprocessing = 0;
		};
		4647EBEA1B545CE40072D683 /* Frameworks */ = {
			isa = PBXFrameworksBuildPhase;
			buildActionMask = 2147483647;
			files = (
			);
			runOnlyForDeploymentPostprocessing = 0;
		};
/* End PBXFrameworksBuildPhase section */

/* Begin PBXGroup section */
		4647EBCB1B545CE40072D683 = {
			isa = PBXGroup;
			children = (
				4647EBD61B545CE40072D683 /* 2_swift_2_handle */,
				4647EBF01B545CE40072D683 /* 2_swift_2_handleTests */,
				4647EBD51B545CE40072D683 /* Products */,
			);
			sourceTree = "<group>";
		};
		4647EBD51B545CE40072D683 /* Products */ = {
			isa = PBXGroup;
			children = (
				4647EBD41B545CE40072D683 /* 2_swift_2_handle.app */,
				4647EBED1B545CE40072D683 /* 2_swift_2_handleTests.xctest */,
			);
			name = Products;
			sourceTree = "<group>";
		};
		4647EBD61B545CE40072D683 /* 2_swift_2_handle */ = {
			isa = PBXGroup;
			children = (
				4647EBD91B545CE40072D683 /* AppDelegate.swift */,
				4647EBDB1B545CE40072D683 /* GameScene.sks */,
				4647EBDD1B545CE40072D683 /* GameScene.swift */,
				4647EBDF1B545CE40072D683 /* GameViewController.swift */,
				4647EBE11B545CE40072D683 /* Main.storyboard */,
				4647EBE41B545CE40072D683 /* Images.xcassets */,
				4647EBE61B545CE40072D683 /* LaunchScreen.xib */,
				4647EBD71B545CE40072D683 /* Supporting Files */,
			);
			path = 2_swift_2_handle;
			sourceTree = "<group>";
		};
		4647EBD71B545CE40072D683 /* Supporting Files */ = {
			isa = PBXGroup;
			children = (
				4647EBD81B545CE40072D683 /* Info.plist */,
			);
			name = "Supporting Files";
			sourceTree = "<group>";
		};
		4647EBF01B545CE40072D683 /* 2_swift_2_handleTests */ = {
			isa = PBXGroup;
			children = (
				4647EBF31B545CE40072D683 /* __swift_2_handleTests.swift */,
				4647EBF11B545CE40072D683 /* Supporting Files */,
			);
			path = 2_swift_2_handleTests;
			sourceTree = "<group>";
		};
		4647EBF11B545CE40072D683 /* Supporting Files */ = {
			isa = PBXGroup;
			children = (
				4647EBF21B545CE40072D683 /* Info.plist */,
			);
			name = "Supporting Files";
			sourceTree = "<group>";
		};
/* End PBXGroup section */

/* Begin PBXNativeTarget section */
		4647EBD31B545CE40072D683 /* 2_swift_2_handle */ = {
			isa = PBXNativeTarget;
			buildConfigurationList = 4647EBF71B545CE40072D683 /* Build configuration list for PBXNativeTarget "2_swift_2_handle" */;
			buildPhases = (
				4647EBD01B545CE40072D683 /* Sources */,
				4647EBD11B545CE40072D683 /* Frameworks */,
				4647EBD21B545CE40072D683 /* Resources */,
			);
			buildRules = (
			);
			dependencies = (
			);
			name = 2_swift_2_handle;
			productName = 2_swift_2_handle;
			productReference = 4647EBD41B545CE40072D683 /* 2_swift_2_handle.app */;
			productType = "com.apple.product-type.application";
		};
		4647EBEC1B545CE40072D683 /* 2_swift_2_handleTests */ = {
			isa = PBXNativeTarget;
			buildConfigurationList = 4647EBFA1B545CE40072D683 /* Build configuration list for PBXNativeTarget "2_swift_2_handleTests" */;
			buildPhases = (
				4647EBE91B545CE40072D683 /* Sources */,
				4647EBEA1B545CE40072D683 /* Frameworks */,
				4647EBEB1B545CE40072D683 /* Resources */,
			);
			buildRules = (
			);
			dependencies = (
				4647EBEF1B545CE40072D683 /* PBXTargetDependency */,
			);
			name = 2_swift_2_handleTests;
			productName = 2_swift_2_handleTests;
			productReference = 4647EBED1B545CE40072D683 /* 2_swift_2_handleTests.xctest */;
			productType = "com.apple.product-type.bundle.unit-test";
		};
/* End PBXNativeTarget section */

/* Begin PBXProject section */
		4647EBCC1B545CE40072D683 /* Project object */ = {
			isa = PBXProject;
			attributes = {
				LastUpgradeCheck = 0640;
				ORGANIZATIONNAME = plumpblackrock;
				TargetAttributes = {
					4647EBD31B545CE40072D683 = {
						CreatedOnToolsVersion = 6.4;
					};
					4647EBEC1B545CE40072D683 = {
						CreatedOnToolsVersion = 6.4;
						TestTargetID = 4647EBD31B545CE40072D683;
					};
				};
			};
			buildConfigurationList = 4647EBCF1B545CE40072D683 /* Build configuration list for PBXProject "2_swift_2_handle" */;
			compatibilityVersion = "Xcode 3.2";
			developmentRegion = English;
			hasScannedForEncodings = 0;
			knownRegions = (
				en,
				Base,
			);
			mainGroup = 4647EBCB1B545CE40072D683;
			productRefGroup = 4647EBD51B545CE40072D683 /* Products */;
			projectDirPath = "";
			projectRoot = "";
			targets = (
				4647EBD31B545CE40072D683 /* 2_swift_2_handle */,
				4647EBEC1B545CE40072D683 /* 2_swift_2_handleTests */,
			);
		};
/* End PBXProject section */

/* Begin PBXResourcesBuildPhase section */
		4647EBD21B545CE40072D683 /* Resources */ = {
			isa = PBXResourcesBuildPhase;
			buildActionMask = 2147483647;
			files = (
				4647EBE81B545CE40072D683 /* LaunchScreen.xib in Resources */,
				4647EBE51B545CE40072D683 /* Images.xcassets in Resources */,
				4647EBDC1B545CE40072D683 /* GameScene.sks in Resources */,
				4647EBE31B545CE40072D683 /* Main.storyboard in Resources */,
			);
			runOnlyForDeploymentPostprocessing = 0;
		};
		4647EBEB1B545CE40072D683 /* Resources */ = {
			isa = PBXResourcesBuildPhase;
			buildActionMask = 2147483647;
			files = (
			);
			runOnlyForDeploymentPostprocessing = 0;
		};
/* End PBXResourcesBuildPhase section */

/* Begin PBXSourcesBuildPhase section */
		4647EBD01B545CE40072D683 /* Sources */ = {
			isa = PBXSourcesBuildPhase;
			buildActionMask = 2147483647;
			files = (
				4647EBDE1B545CE40072D683 /* GameScene.swift in Sources */,
				4647EBE01B545CE40072D683 /* GameViewController.swift in Sources */,
				4647EBDA1B545CE40072D683 /* AppDelegate.swift in Sources */,
			);
			runOnlyForDeploymentPostprocessing = 0;
		};
		4647EBE91B545CE40072D683 /* Sources */ = {
			isa = PBXSourcesBuildPhase;
			buildActionMask = 2147483647;
			files = (
				4647EBF41B545CE40072D683 /* __swift_2_handleTests.swift in Sources */,
			);
			runOnlyForDeploymentPostprocessing = 0;
		};
/* End PBXSourcesBuildPhase section */

/* Begin PBXTargetDependency section */
		4647EBEF1B545CE40072D683 /* PBXTargetDependency */ = {
			isa = PBXTargetDependency;
			target = 4647EBD31B545CE40072D683 /* 2_swift_2_handle */;
			targetProxy = 4647EBEE1B545CE40072D683 /* PBXContainerItemProxy */;
		};
/* End PBXTargetDependency section */

/* Begin PBXVariantGroup section */
		4647EBE11B545CE40072D683 /* Main.storyboard */ = {
			isa = PBXVariantGroup;
			children = (
				4647EBE21B545CE40072D683 /* Base */,
			);
			name = Main.storyboard;
			sourceTree = "<group>";
		};
		4647EBE61B545CE40072D683 /* LaunchScreen.xib */ = {
			isa = PBXVariantGroup;
			children = (
				4647EBE71B545CE40072D683 /* Base */,
			);
			name = LaunchScreen.xib;
			sourceTree = "<group>";
		};
/* End PBXVariantGroup section */

/* Begin XCBuildConfiguration section */
		4647EBF51B545CE40072D683 /* Debug */ = {
			isa = XCBuildConfiguration;
			buildSettings = {
				ALWAYS_SEARCH_USER_PATHS = NO;
				CLANG_CXX_LANGUAGE_STANDARD = "gnu++0x";
				CLANG_CXX_LIBRARY = "libc++";
				CLANG_ENABLE_MODULES = YES;
				CLANG_ENABLE_OBJC_ARC = YES;
				CLANG_WARN_BOOL_CONVERSION = YES;
				CLANG_WARN_CONSTANT_CONVERSION = YES;
				CLANG_WARN_DIRECT_OBJC_ISA_USAGE = YES_ERROR;
				CLANG_WARN_EMPTY_BODY = YES;
				CLANG_WARN_ENUM_CONVERSION = YES;
				CLANG_WARN_INT_CONVERSION = YES;
				CLANG_WARN_OBJC_ROOT_CLASS = YES_ERROR;
				CLANG_WARN_UNREACHABLE_CODE = YES;
				CLANG_WARN__DUPLICATE_METHOD_MATCH = YES;
				"CODE_SIGN_IDENTITY[sdk=iphoneos*]" = "iPhone Developer";
				COPY_PHASE_STRIP = NO;
				DEBUG_INFORMATION_FORMAT = "dwarf-with-dsym";
				ENABLE_STRICT_OBJC_MSGSEND = YES;
				GCC_C_LANGUAGE_STANDARD = gnu99;
				GCC_DYNAMIC_NO_PIC = NO;
				GCC_NO_COMMON_BLOCKS = YES;
				GCC_OPTIMIZATION_LEVEL = 0;
				GCC_PREPROCESSOR_DEFINITIONS = (
					"DEBUG=1",
					"$(inherited)",
				);
				GCC_SYMBOLS_PRIVATE_EXTERN = NO;
				GCC_WARN_64_TO_32_BIT_CONVERSION = YES;
				GCC_WARN_ABOUT_RETURN_TYPE = YES_ERROR;
				GCC_WARN_UNDECLARED_SELECTOR = YES;
				GCC_WARN_UNINITIALIZED_AUTOS = YES_AGGRESSIVE;
				GCC_WARN_UNUSED_FUNCTION = YES;
				GCC_WARN_UNUSED_VARIABLE = YES;
				IPHONEOS_DEPLOYMENT_TARGET = 8.4;
				MTL_ENABLE_DEBUG_INFO = YES;
				ONLY_ACTIVE_ARCH = YES;
				SDKROOT = iphoneos;
				SWIFT_OPTIMIZATION_LEVEL = "-Onone";
				TARGETED_DEVICE_FAMILY = "1,2";
			};
			name = Debug;
		};
		4647EBF61B545CE40072D683 /* Release */ = {
			isa = XCBuildConfiguration;
			buildSettings = {
				ALWAYS_SEARCH_USER_PATHS = NO;
				CLANG_CXX_LANGUAGE_STANDARD = "gnu++0x";
				CLANG_CXX_LIBRARY = "libc++";
				CLANG_ENABLE_MODULES = YES;
				CLANG_ENABLE_OBJC_ARC = YES;
				CLANG_WARN_BOOL_CONVERSION = YES;
				CLANG_WARN_CONSTANT_CONVERSION = YES;
				CLANG_WARN_DIRECT_OBJC_ISA_USAGE = YES_ERROR;
				CLANG_WARN_EMPTY_BODY = YES;
				CLANG_WARN_ENUM_CONVERSION = YES;
				CLANG_WARN_INT_CONVERSION = YES;
				CLANG_WARN_OBJC_ROOT_CLASS = YES_ERROR;
				CLANG_WARN_UNREACHABLE_CODE = YES;
				CLANG_WARN__DUPLICATE_METHOD_MATCH = YES;
				"CODE_SIGN_IDENTITY[sdk=iphoneos*]" = "iPhone Developer";
				COPY_PHASE_STRIP = NO;
				DEBUG_INFORMATION_FORMAT = "dwarf-with-dsym";
				ENABLE_NS_ASSERTIONS = NO;
				ENABLE_STRICT_OBJC_MSGSEND = YES;
				GCC_C_LANGUAGE_STANDARD = gnu99;
				GCC_NO_COMMON_BLOCKS = YES;
				GCC_WARN_64_TO_32_BIT_CONVERSION = YES;
				GCC_WARN_ABOUT_RETURN_TYPE = YES_ERROR;
				GCC_WARN_UNDECLARED_SELECTOR = YES;
				GCC_WARN_UNINITIALIZED_AUTOS = YES_AGGRESSIVE;
				GCC_WARN_UNUSED_FUNCTION = YES;
				GCC_WARN_UNUSED_VARIABLE = YES;
				IPHONEOS_DEPLOYMENT_TARGET = 8.4;
				MTL_ENABLE_DEBUG_INFO = NO;
				SDKROOT = iphoneos;
				TARGETED_DEVICE_FAMILY = "1,2";
				VALIDATE_PRODUCT = YES;
			};
			name = Release;
		};
		4647EBF81B545CE40072D683 /* Debug */ = {
			isa = XCBuildConfiguration;
			buildSettings = {
				ASSETCATALOG_COMPILER_APPICON_NAME = AppIcon;
				INFOPLIST_FILE = 2_swift_2_handle/Info.plist;
				LD_RUNPATH_SEARCH_PATHS = "$(inherited) @executable_path/Frameworks";
				PRODUCT_NAME = "$(TARGET_NAME)";
			};
			name = Debug;
		};
		4647EBF91B545CE40072D683 /* Release */ = {
			isa = XCBuildConfiguration;
			buildSettings = {
				ASSETCATALOG_COMPILER_APPICON_NAME = AppIcon;
				INFOPLIST_FILE = 2_swift_2_handle/Info.plist;
				LD_RUNPATH_SEARCH_PATHS = "$(inherited) @executable_path/Frameworks";
				PRODUCT_NAME = "$(TARGET_NAME)";
			};
			name = Release;
		};
		4647EBFB1B545CE40072D683 /* Debug */ = {
			isa = XCBuildConfiguration;
			buildSettings = {
				BUNDLE_LOADER = "$(TEST_HOST)";
				FRAMEWORK_SEARCH_PATHS = (
					"$(SDKROOT)/Developer/Library/Frameworks",
					"$(inherited)",
				);
				GCC_PREPROCESSOR_DEFINITIONS = (
					"DEBUG=1",
					"$(inherited)",
				);
				INFOPLIST_FILE = 2_swift_2_handleTests/Info.plist;
				LD_RUNPATH_SEARCH_PATHS = "$(inherited) @executable_path/Frameworks @loader_path/Frameworks";
				PRODUCT_NAME = "$(TARGET_NAME)";
				TEST_HOST = "$(BUILT_PRODUCTS_DIR)/2_swift_2_handle.app/2_swift_2_handle";
			};
			name = Debug;
		};
		4647EBFC1B545CE40072D683 /* Release */ = {
			isa = XCBuildConfiguration;
			buildSettings = {
				BUNDLE_LOADER = "$(TEST_HOST)";
				FRAMEWORK_SEARCH_PATHS = (
					"$(SDKROOT)/Developer/Library/Frameworks",
					"$(inherited)",
				);
				INFOPLIST_FILE = 2_swift_2_handleTests/Info.plist;
				LD_RUNPATH_SEARCH_PATHS = "$(inherited) @executable_path/Frameworks @loader_path/Frameworks";
				PRODUCT_NAME = "$(TARGET_NAME)";
				TEST_HOST = "$(BUILT_PRODUCTS_DIR)/2_swift_2_handle.app/2_swift_2_handle";
			};
			name = Release;
		};
/* End XCBuildConfiguration section */

/* Begin XCConfigurationList section */
		4647EBCF1B545CE40072D683 /* Build configuration list for PBXProject "2_swift_2_handle" */ = {
			isa = XCConfigurationList;
			buildConfigurations = (
				4647EBF51B545CE40072D683 /* Debug */,
				4647EBF61B545CE40072D683 /* Release */,
			);
			defaultConfigurationIsVisible = 0;
			defaultConfigurationName = Release;
		};
		4647EBF71B545CE40072D683 /* Build configuration list for PBXNativeTarget "2_swift_2_handle" */ = {
			isa = XCConfigurationList;
			buildConfigurations = (
				4647EBF81B545CE40072D683 /* Debug */,
				4647EBF91B545CE40072D683 /* Release */,
			);
			defaultConfigurationIsVisible = 0;
		};
		4647EBFA1B545CE40072D683 /* Build configuration list for PBXNativeTarget "2_swift_2_handleTests" */ = {
			isa = XCConfigurationList;
			buildConfigurations = (
				4647EBFB1B545CE40072D683 /* Debug */,
				4647EBFC1B545CE40072D683 /* Release */,
			);
			defaultConfigurationIsVisible = 0;
		};
/* End XCConfigurationList section */
	};
	rootObject = 4647EBCC1B545CE40072D683 /* Project object */;
}
